
Microsoft Visual Studio Solution File, Format Version 12.00
# Visual Studio 15
VisualStudioVersion = 15.0.27130.2024
MinimumVisualStudioVersion = 10.0.40219.1
Project("{8BC9CEB8-8B4A-11D0-8D11-00A0C91BC942}") = "polymorphic-allocator", "polymorphic-allocator.vcxproj", "{42D4FBD1-463B-47F0-ABDA-13C3EE54397E}"
EndProject
Project("{8BC9CEB8-8B4A-11D0-8D11-00A0C91BC942}") = "polymorphic-allocator-tests", "..\polymorphic-allocator-tests\polymorphic-allocator-tests.vcxproj", "{04849121-8CC8-4727-8031-C0E679C9EFA3}"
EndProject
Global
	GlobalSection(SolutionConfigurationPlatforms) = preSolution
		Debug|x64 = Debug|x64
		Debug|x86 = Debug|x86
		Release|x64 = Release|x64
		Release|x86 = Release|x86
	EndGlobalSection
	GlobalSection(ProjectConfigurationPlatforms) = postSolution
		{42D4FBD1-463B-47F0-ABDA-13C3EE54397E}.Debug|x64.ActiveCfg = Debug|x64
		{42D4FBD1-463B-47F0-ABDA-13C3EE54397E}.Debug|x64.Build.0 = Debug|x64
		{42D4FBD1-463B-47F0-ABDA-13C3EE54397E}.Debug|x86.ActiveCfg = Debug|Win32
		{42D4FBD1-463B-47F0-ABDA-13C3EE54397E}.Debug|x86.Build.0 = Debug|Win32
		{42D4FBD1-463B-47F0-ABDA-13C3EE54397E}.Release|x64.ActiveCfg = Release|x64
		{42D4FBD1-463B-47F0-ABDA-13C3EE54397E}.Release|x64.Build.0 = Release|x64
		{42D4FBD1-463B-47F0-ABDA-13C3EE54397E}.Release|x86.ActiveCfg = Release|Win32
		{42D4FBD1-463B-47F0-ABDA-13C3EE54397E}.Release|x86.Build.0 = Release|Win32
		{04849121-8CC8-4727-8031-C0E679C9EFA3}.Debug|x64.ActiveCfg = Debug|x64
		{04849121-8CC8-4727-8031-C0E679C9EFA3}.Debug|x64.Build.0 = Debug|x64
		{04849121-8CC8-4727-8031-C0E679C9EFA3}.Debug|x86.ActiveCfg = Debug|Win32
		{04849121-8CC8-4727-8031-C0E679C9EFA3}.Debug|x86.Build.0 = Debug|Win32
		{04849121-8CC8-4727-8031-C0E679C9EFA3}.Release|x64.ActiveCfg = Release|x64
		{04849121-8CC8-4727-8031-C0E679C9EFA3}.Release|x64.Build.0 = Release|x64
		{04849121-8CC8-4727-8031-C0E679C9EFA3}.Release|x86.ActiveCfg = Release|Win32
		{04849121-8CC8-4727-8031-C0E679C9EFA3}.Release|x86.Build.0 = Release|Win32
	EndGlobalSection
	GlobalSection(SolutionProperties) = preSolution
		HideSolutionNode = FALSE
	EndGlobalSection
	GlobalSection(ExtensibilityGlobals) = postSolution
		SolutionGuid = {4DC91E41-A677-42E5-8740-A526D3300707}
	EndGlobalSection
EndGlobal
